
Microsoft Visual Studio Solution File, Format Version 12.00
# Visual Studio Version 17
VisualStudioVersion = 17.0.31903.59
MinimumVisualStudioVersion = 10.0.40219.1
Project("{2150E333-8FDC-42A3-9474-1A3956D46DE8}") = "tests", "tests", "{0AB3BF05-4346-4AA6-1389-037BE0695223}"
EndProject
Project("{FAE04EC0-301F-11D3-BF4B-00C04F79EFBC}") = "Security.UnitTests", "tests\Security.UnitTests\Security.UnitTests.csproj", "{A421A1D8-2114-40CA-824D-4613090474BB}"
EndProject
Project("{FAE04EC0-301F-11D3-BF4B-00C04F79EFBC}") = "Security.IntegrationTests", "tests\Security.IntegrationTests\Security.IntegrationTests.csproj", "{9B1467C4-B46A-4F49-813E-D298264CDF47}"
EndProject
Project("{FAE04EC0-301F-11D3-BF4B-00C04F79EFBC}") = "Security.ArchitectureTests", "tests\Security.ArchitectureTests\Security.ArchitectureTests.csproj", "{A0EB973F-D3FD-4BB0-B881-64532D539D64}"
EndProject
Project("{2150E333-8FDC-42A3-9474-1A3956D46DE8}") = "src", "src", "{827E0CD3-B72D-47B6-A68D-7590B98EB39B}"
EndProject
Project("{2150E333-8FDC-42A3-9474-1A3956D46DE8}") = "Services", "Services", "{984BB9B3-3FA3-BE33-9484-CAC21695A33C}"
EndProject
Project("{2150E333-8FDC-42A3-9474-1A3956D46DE8}") = "Security", "Security", "{A39B1814-9368-DE31-E1AE-81B5934942C4}"
EndProject
Project("{FAE04EC0-301F-11D3-BF4B-00C04F79EFBC}") = "Security.Domain", "src\Services\Security\Security.Domain\Security.Domain.csproj", "{88FBA009-89EF-4909-975D-744F7781A98F}"
EndProject
Project("{FAE04EC0-301F-11D3-BF4B-00C04F79EFBC}") = "Security.Application", "src\Services\Security\Security.Application\Security.Application.csproj", "{2FFD58DB-E995-40F7-9ED7-E9AABDFE5E1C}"
EndProject
Project("{FAE04EC0-301F-11D3-BF4B-00C04F79EFBC}") = "Security.Infrastructure", "src\Services\Security\Security.Infrastructure\Security.Infrastructure.csproj", "{C6340F6A-EBB4-4349-BF7B-3C28A99861BB}"
EndProject
Project("{FAE04EC0-301F-11D3-BF4B-00C04F79EFBC}") = "Security.API", "src\Services\Security\Security.API\Security.API.csproj", "{74A1BA63-14A8-499D-8E94-FEF749A32629}"
EndProject
Project("{2150E333-8FDC-42A3-9474-1A3956D46DE8}") = "ApiGateways", "ApiGateways", "{ED3A6F05-8B42-2A19-DFFE-FDDDF787C538}"
EndProject
Project("{FAE04EC0-301F-11D3-BF4B-00C04F79EFBC}") = "FinanceAnalysis.ApiGateway", "src\ApiGateways\FinanceAnalysis.ApiGateway\FinanceAnalysis.ApiGateway.csproj", "{9828F7B7-E245-4D2D-B9DF-6C6B2EBA30FD}"
EndProject
Global
	GlobalSection(SolutionConfigurationPlatforms) = preSolution
		Debug|Any CPU = Debug|Any CPU
		Debug|x64 = Debug|x64
		Debug|x86 = Debug|x86
		Release|Any CPU = Release|Any CPU
		Release|x64 = Release|x64
		Release|x86 = Release|x86
	EndGlobalSection
	GlobalSection(ProjectConfigurationPlatforms) = postSolution
		{A421A1D8-2114-40CA-824D-4613090474BB}.Debug|Any CPU.ActiveCfg = Debug|Any CPU
		{A421A1D8-2114-40CA-824D-4613090474BB}.Debug|Any CPU.Build.0 = Debug|Any CPU
		{A421A1D8-2114-40CA-824D-4613090474BB}.Debug|x64.ActiveCfg = Debug|Any CPU
		{A421A1D8-2114-40CA-824D-4613090474BB}.Debug|x64.Build.0 = Debug|Any CPU
		{A421A1D8-2114-40CA-824D-4613090474BB}.Debug|x86.ActiveCfg = Debug|Any CPU
		{A421A1D8-2114-40CA-824D-4613090474BB}.Debug|x86.Build.0 = Debug|Any CPU
		{A421A1D8-2114-40CA-824D-4613090474BB}.Release|Any CPU.ActiveCfg = Release|Any CPU
		{A421A1D8-2114-40CA-824D-4613090474BB}.Release|Any CPU.Build.0 = Release|Any CPU
		{A421A1D8-2114-40CA-824D-4613090474BB}.Release|x64.ActiveCfg = Release|Any CPU
		{A421A1D8-2114-40CA-824D-4613090474BB}.Release|x64.Build.0 = Release|Any CPU
		{A421A1D8-2114-40CA-824D-4613090474BB}.Release|x86.ActiveCfg = Release|Any CPU
		{A421A1D8-2114-40CA-824D-4613090474BB}.Release|x86.Build.0 = Release|Any CPU
		{9B1467C4-B46A-4F49-813E-D298264CDF47}.Debug|Any CPU.ActiveCfg = Debug|Any CPU
		{9B1467C4-B46A-4F49-813E-D298264CDF47}.Debug|Any CPU.Build.0 = Debug|Any CPU
		{9B1467C4-B46A-4F49-813E-D298264CDF47}.Debug|x64.ActiveCfg = Debug|Any CPU
		{9B1467C4-B46A-4F49-813E-D298264CDF47}.Debug|x64.Build.0 = Debug|Any CPU
		{9B1467C4-B46A-4F49-813E-D298264CDF47}.Debug|x86.ActiveCfg = Debug|Any CPU
		{9B1467C4-B46A-4F49-813E-D298264CDF47}.Debug|x86.Build.0 = Debug|Any CPU
		{9B1467C4-B46A-4F49-813E-D298264CDF47}.Release|Any CPU.ActiveCfg = Release|Any CPU
		{9B1467C4-B46A-4F49-813E-D298264CDF47}.Release|Any CPU.Build.0 = Release|Any CPU
		{9B1467C4-B46A-4F49-813E-D298264CDF47}.Release|x64.ActiveCfg = Release|Any CPU
		{9B1467C4-B46A-4F49-813E-D298264CDF47}.Release|x64.Build.0 = Release|Any CPU
		{9B1467C4-B46A-4F49-813E-D298264CDF47}.Release|x86.ActiveCfg = Release|Any CPU
		{9B1467C4-B46A-4F49-813E-D298264CDF47}.Release|x86.Build.0 = Release|Any CPU
		{A0EB973F-D3FD-4BB0-B881-64532D539D64}.Debug|Any CPU.ActiveCfg = Debug|Any CPU
		{A0EB973F-D3FD-4BB0-B881-64532D539D64}.Debug|Any CPU.Build.0 = Debug|Any CPU
		{A0EB973F-D3FD-4BB0-B881-64532D539D64}.Debug|x64.ActiveCfg = Debug|Any CPU
		{A0EB973F-D3FD-4BB0-B881-64532D539D64}.Debug|x64.Build.0 = Debug|Any CPU
		{A0EB973F-D3FD-4BB0-B881-64532D539D64}.Debug|x86.ActiveCfg = Debug|Any CPU
		{A0EB973F-D3FD-4BB0-B881-64532D539D64}.Debug|x86.Build.0 = Debug|Any CPU
		{A0EB973F-D3FD-4BB0-B881-64532D539D64}.Release|Any CPU.ActiveCfg = Release|Any CPU
		{A0EB973F-D3FD-4BB0-B881-64532D539D64}.Release|Any CPU.Build.0 = Release|Any CPU
		{A0EB973F-D3FD-4BB0-B881-64532D539D64}.Release|x64.ActiveCfg = Release|Any CPU
		{A0EB973F-D3FD-4BB0-B881-64532D539D64}.Release|x64.Build.0 = Release|Any CPU
		{A0EB973F-D3FD-4BB0-B881-64532D539D64}.Release|x86.ActiveCfg = Release|Any CPU
		{A0EB973F-D3FD-4BB0-B881-64532D539D64}.Release|x86.Build.0 = Release|Any CPU
		{88FBA009-89EF-4909-975D-744F7781A98F}.Debug|Any CPU.ActiveCfg = Debug|Any CPU
		{88FBA009-89EF-4909-975D-744F7781A98F}.Debug|Any CPU.Build.0 = Debug|Any CPU
		{88FBA009-89EF-4909-975D-744F7781A98F}.Debug|x64.ActiveCfg = Debug|Any CPU
		{88FBA009-89EF-4909-975D-744F7781A98F}.Debug|x64.Build.0 = Debug|Any CPU
		{88FBA009-89EF-4909-975D-744F7781A98F}.Debug|x86.ActiveCfg = Debug|Any CPU
		{88FBA009-89EF-4909-975D-744F7781A98F}.Debug|x86.Build.0 = Debug|Any CPU
		{88FBA009-89EF-4909-975D-744F7781A98F}.Release|Any CPU.ActiveCfg = Release|Any CPU
		{88FBA009-89EF-4909-975D-744F7781A98F}.Release|Any CPU.Build.0 = Release|Any CPU
		{88FBA009-89EF-4909-975D-744F7781A98F}.Release|x64.ActiveCfg = Release|Any CPU
		{88FBA009-89EF-4909-975D-744F7781A98F}.Release|x64.Build.0 = Release|Any CPU
		{88FBA009-89EF-4909-975D-744F7781A98F}.Release|x86.ActiveCfg = Release|Any CPU
		{88FBA009-89EF-4909-975D-744F7781A98F}.Release|x86.Build.0 = Release|Any CPU
		{2FFD58DB-E995-40F7-9ED7-E9AABDFE5E1C}.Debug|Any CPU.ActiveCfg = Debug|Any CPU
		{2FFD58DB-E995-40F7-9ED7-E9AABDFE5E1C}.Debug|Any CPU.Build.0 = Debug|Any CPU
		{2FFD58DB-E995-40F7-9ED7-E9AABDFE5E1C}.Debug|x64.ActiveCfg = Debug|Any CPU
		{2FFD58DB-E995-40F7-9ED7-E9AABDFE5E1C}.Debug|x64.Build.0 = Debug|Any CPU
		{2FFD58DB-E995-40F7-9ED7-E9AABDFE5E1C}.Debug|x86.ActiveCfg = Debug|Any CPU
		{2FFD58DB-E995-40F7-9ED7-E9AABDFE5E1C}.Debug|x86.Build.0 = Debug|Any CPU
		{2FFD58DB-E995-40F7-9ED7-E9AABDFE5E1C}.Release|Any CPU.ActiveCfg = Release|Any CPU
		{2FFD58DB-E995-40F7-9ED7-E9AABDFE5E1C}.Release|Any CPU.Build.0 = Release|Any CPU
		{2FFD58DB-E995-40F7-9ED7-E9AABDFE5E1C}.Release|x64.ActiveCfg = Release|Any CPU
		{2FFD58DB-E995-40F7-9ED7-E9AABDFE5E1C}.Release|x64.Build.0 = Release|Any CPU
		{2FFD58DB-E995-40F7-9ED7-E9AABDFE5E1C}.Release|x86.ActiveCfg = Release|Any CPU
		{2FFD58DB-E995-40F7-9ED7-E9AABDFE5E1C}.Release|x86.Build.0 = Release|Any CPU
		{C6340F6A-EBB4-4349-BF7B-3C28A99861BB}.Debug|Any CPU.ActiveCfg = Debug|Any CPU
		{C6340F6A-EBB4-4349-BF7B-3C28A99861BB}.Debug|Any CPU.Build.0 = Debug|Any CPU
		{C6340F6A-EBB4-4349-BF7B-3C28A99861BB}.Debug|x64.ActiveCfg = Debug|Any CPU
		{C6340F6A-EBB4-4349-BF7B-3C28A99861BB}.Debug|x64.Build.0 = Debug|Any CPU
		{C6340F6A-EBB4-4349-BF7B-3C28A99861BB}.Debug|x86.ActiveCfg = Debug|Any CPU
		{C6340F6A-EBB4-4349-BF7B-3C28A99861BB}.Debug|x86.Build.0 = Debug|Any CPU
		{C6340F6A-EBB4-4349-BF7B-3C28A99861BB}.Release|Any CPU.ActiveCfg = Release|Any CPU
		{C6340F6A-EBB4-4349-BF7B-3C28A99861BB}.Release|Any CPU.Build.0 = Release|Any CPU
		{C6340F6A-EBB4-4349-BF7B-3C28A99861BB}.Release|x64.ActiveCfg = Release|Any CPU
		{C6340F6A-EBB4-4349-BF7B-3C28A99861BB}.Release|x64.Build.0 = Release|Any CPU
		{C6340F6A-EBB4-4349-BF7B-3C28A99861BB}.Release|x86.ActiveCfg = Release|Any CPU
		{C6340F6A-EBB4-4349-BF7B-3C28A99861BB}.Release|x86.Build.0 = Release|Any CPU
		{74A1BA63-14A8-499D-8E94-FEF749A32629}.Debug|Any CPU.ActiveCfg = Debug|Any CPU
		{74A1BA63-14A8-499D-8E94-FEF749A32629}.Debug|Any CPU.Build.0 = Debug|Any CPU
		{74A1BA63-14A8-499D-8E94-FEF749A32629}.Debug|x64.ActiveCfg = Debug|Any CPU
		{74A1BA63-14A8-499D-8E94-FEF749A32629}.Debug|x64.Build.0 = Debug|Any CPU
		{74A1BA63-14A8-499D-8E94-FEF749A32629}.Debug|x86.ActiveCfg = Debug|Any CPU
		{74A1BA63-14A8-499D-8E94-FEF749A32629}.Debug|x86.Build.0 = Debug|Any CPU
		{74A1BA63-14A8-499D-8E94-FEF749A32629}.Release|Any CPU.ActiveCfg = Release|Any CPU
		{74A1BA63-14A8-499D-8E94-FEF749A32629}.Release|Any CPU.Build.0 = Release|Any CPU
		{74A1BA63-14A8-499D-8E94-FEF749A32629}.Release|x64.ActiveCfg = Release|Any CPU
		{74A1BA63-14A8-499D-8E94-FEF749A32629}.Release|x64.Build.0 = Release|Any CPU
		{74A1BA63-14A8-499D-8E94-FEF749A32629}.Release|x86.ActiveCfg = Release|Any CPU
		{74A1BA63-14A8-499D-8E94-FEF749A32629}.Release|x86.Build.0 = Release|Any CPU
		{9828F7B7-E245-4D2D-B9DF-6C6B2EBA30FD}.Debug|Any CPU.ActiveCfg = Debug|Any CPU
		{9828F7B7-E245-4D2D-B9DF-6C6B2EBA30FD}.Debug|Any CPU.Build.0 = Debug|Any CPU
		{9828F7B7-E245-4D2D-B9DF-6C6B2EBA30FD}.Debug|x64.ActiveCfg = Debug|Any CPU
		{9828F7B7-E245-4D2D-B9DF-6C6B2EBA30FD}.Debug|x64.Build.0 = Debug|Any CPU
		{9828F7B7-E245-4D2D-B9DF-6C6B2EBA30FD}.Debug|x86.ActiveCfg = Debug|Any CPU
		{9828F7B7-E245-4D2D-B9DF-6C6B2EBA30FD}.Debug|x86.Build.0 = Debug|Any CPU
		{9828F7B7-E245-4D2D-B9DF-6C6B2EBA30FD}.Release|Any CPU.ActiveCfg = Release|Any CPU
		{9828F7B7-E245-4D2D-B9DF-6C6B2EBA30FD}.Release|Any CPU.Build.0 = Release|Any CPU
		{9828F7B7-E245-4D2D-B9DF-6C6B2EBA30FD}.Release|x64.ActiveCfg = Release|Any CPU
		{9828F7B7-E245-4D2D-B9DF-6C6B2EBA30FD}.Release|x64.Build.0 = Release|Any CPU
		{9828F7B7-E245-4D2D-B9DF-6C6B2EBA30FD}.Release|x86.ActiveCfg = Release|Any CPU
		{9828F7B7-E245-4D2D-B9DF-6C6B2EBA30FD}.Release|x86.Build.0 = Release|Any CPU
	EndGlobalSection
	GlobalSection(SolutionProperties) = preSolution
		HideSolutionNode = FALSE
	EndGlobalSection
	GlobalSection(NestedProjects) = preSolution
		{A421A1D8-2114-40CA-824D-4613090474BB} = {0AB3BF05-4346-4AA6-1389-037BE0695223}
		{9B1467C4-B46A-4F49-813E-D298264CDF47} = {0AB3BF05-4346-4AA6-1389-037BE0695223}
		{A0EB973F-D3FD-4BB0-B881-64532D539D64} = {0AB3BF05-4346-4AA6-1389-037BE0695223}
		{984BB9B3-3FA3-BE33-9484-CAC21695A33C} = {827E0CD3-B72D-47B6-A68D-7590B98EB39B}
		{A39B1814-9368-DE31-E1AE-81B5934942C4} = {984BB9B3-3FA3-BE33-9484-CAC21695A33C}
		{88FBA009-89EF-4909-975D-744F7781A98F} = {A39B1814-9368-DE31-E1AE-81B5934942C4}
		{2FFD58DB-E995-40F7-9ED7-E9AABDFE5E1C} = {A39B1814-9368-DE31-E1AE-81B5934942C4}
		{C6340F6A-EBB4-4349-BF7B-3C28A99861BB} = {A39B1814-9368-DE31-E1AE-81B5934942C4}
		{74A1BA63-14A8-499D-8E94-FEF749A32629} = {A39B1814-9368-DE31-E1AE-81B5934942C4}
		{ED3A6F05-8B42-2A19-DFFE-FDDDF787C538} = {827E0CD3-B72D-47B6-A68D-7590B98EB39B}
		{9828F7B7-E245-4D2D-B9DF-6C6B2EBA30FD} = {ED3A6F05-8B42-2A19-DFFE-FDDDF787C538}
	EndGlobalSection
EndGlobal
